
Microsoft Visual Studio Solution File, Format Version 12.00
# Visual Studio 15
VisualStudioVersion = 15.0.28010.2046
MinimumVisualStudioVersion = 10.0.40219.1
Project("{FAE04EC0-301F-11D3-BF4B-00C04F79EFBC}") = "OMGT_Lab1", "OMGT_Lab1\OMGT_Lab1.csproj", "{30964E33-04F3-49CC-89DB-E5FDC065BE82}"
EndProject
Global
	GlobalSection(SolutionConfigurationPlatforms) = preSolution
		Debug|Any CPU = Debug|Any CPU
		Release|Any CPU = Release|Any CPU
	EndGlobalSection
	GlobalSection(ProjectConfigurationPlatforms) = postSolution
		{30964E33-04F3-49CC-89DB-E5FDC065BE82}.Debug|Any CPU.ActiveCfg = Debug|Any CPU
		{30964E33-04F3-49CC-89DB-E5FDC065BE82}.Debug|Any CPU.Build.0 = Debug|Any CPU
		{30964E33-04F3-49CC-89DB-E5FDC065BE82}.Release|Any CPU.ActiveCfg = Release|Any CPU
		{30964E33-04F3-49CC-89DB-E5FDC065BE82}.Release|Any CPU.Build.0 = Release|Any CPU
	EndGlobalSection
	GlobalSection(SolutionProperties) = preSolution
		HideSolutionNode = FALSE
	EndGlobalSection
	GlobalSection(ExtensibilityGlobals) = postSolution
		SolutionGuid = {242F399C-FDEF-469A-8A1E-E833605AA550}
	EndGlobalSection
EndGlobal
